
Microsoft Visual Studio Solution File, Format Version 12.00
# Visual Studio Version 16
VisualStudioVersion = 16.0.31727.386
MinimumVisualStudioVersion = 10.0.40219.1
Project("{FAE04EC0-301F-11D3-BF4B-00C04F79EFBC}") = "EJERCICIO 6 T2", "EJERCICIO 6 T2\EJERCICIO 6 T2.csproj", "{C086C0ED-E941-4D7C-B14A-72D34F15A96A}"
EndProject
Global
	GlobalSection(SolutionConfigurationPlatforms) = preSolution
		Debug|Any CPU = Debug|Any CPU
		Release|Any CPU = Release|Any CPU
	EndGlobalSection
	GlobalSection(ProjectConfigurationPlatforms) = postSolution
		{C086C0ED-E941-4D7C-B14A-72D34F15A96A}.Debug|Any CPU.ActiveCfg = Debug|Any CPU
		{C086C0ED-E941-4D7C-B14A-72D34F15A96A}.Debug|Any CPU.Build.0 = Debug|Any CPU
		{C086C0ED-E941-4D7C-B14A-72D34F15A96A}.Release|Any CPU.ActiveCfg = Release|Any CPU
		{C086C0ED-E941-4D7C-B14A-72D34F15A96A}.Release|Any CPU.Build.0 = Release|Any CPU
	EndGlobalSection
	GlobalSection(SolutionProperties) = preSolution
		HideSolutionNode = FALSE
	EndGlobalSection
	GlobalSection(ExtensibilityGlobals) = postSolution
		SolutionGuid = {DEE2AEE2-2625-4AC0-997A-6FA4DC410DC5}
	EndGlobalSection
EndGlobal
